
Microsoft Visual Studio Solution File, Format Version 12.00
# Visual Studio Version 17
VisualStudioVersion = 17.5.33530.505
MinimumVisualStudioVersion = 10.0.40219.1
Project("{FAE04EC0-301F-11D3-BF4B-00C04F79EFBC}") = "D11", "D11\D11.csproj", "{A261DF39-3D67-4C7B-84EA-342D27B03E19}"
EndProject
Global
	GlobalSection(SolutionConfigurationPlatforms) = preSolution
		Debug|Any CPU = Debug|Any CPU
		Release|Any CPU = Release|Any CPU
	EndGlobalSection
	GlobalSection(ProjectConfigurationPlatforms) = postSolution
		{A261DF39-3D67-4C7B-84EA-342D27B03E19}.Debug|Any CPU.ActiveCfg = Debug|Any CPU
		{A261DF39-3D67-4C7B-84EA-342D27B03E19}.Debug|Any CPU.Build.0 = Debug|Any CPU
		{A261DF39-3D67-4C7B-84EA-342D27B03E19}.Release|Any CPU.ActiveCfg = Release|Any CPU
		{A261DF39-3D67-4C7B-84EA-342D27B03E19}.Release|Any CPU.Build.0 = Release|Any CPU
	EndGlobalSection
	GlobalSection(SolutionProperties) = preSolution
		HideSolutionNode = FALSE
	EndGlobalSection
	GlobalSection(ExtensibilityGlobals) = postSolution
		SolutionGuid = {6D23E27E-162B-4ADE-A8A0-A5DAD407F3E6}
	EndGlobalSection
EndGlobal
