
Microsoft Visual Studio Solution File, Format Version 12.00
# Visual Studio Version 17
VisualStudioVersion = 17.5.33530.505
MinimumVisualStudioVersion = 10.0.40219.1
Project("{FAE04EC0-301F-11D3-BF4B-00C04F79EFBC}") = "D04", "D04\D04.csproj", "{D6078882-2AC9-43B2-95AA-FC104D1CBB2B}"
EndProject
Global
	GlobalSection(SolutionConfigurationPlatforms) = preSolution
		Debug|Any CPU = Debug|Any CPU
		Release|Any CPU = Release|Any CPU
	EndGlobalSection
	GlobalSection(ProjectConfigurationPlatforms) = postSolution
		{D6078882-2AC9-43B2-95AA-FC104D1CBB2B}.Debug|Any CPU.ActiveCfg = Debug|Any CPU
		{D6078882-2AC9-43B2-95AA-FC104D1CBB2B}.Debug|Any CPU.Build.0 = Debug|Any CPU
		{D6078882-2AC9-43B2-95AA-FC104D1CBB2B}.Release|Any CPU.ActiveCfg = Release|Any CPU
		{D6078882-2AC9-43B2-95AA-FC104D1CBB2B}.Release|Any CPU.Build.0 = Release|Any CPU
	EndGlobalSection
	GlobalSection(SolutionProperties) = preSolution
		HideSolutionNode = FALSE
	EndGlobalSection
	GlobalSection(ExtensibilityGlobals) = postSolution
		SolutionGuid = {B4D31EB7-64C8-4627-B531-53F60A94E142}
	EndGlobalSection
EndGlobal
