
Microsoft Visual Studio Solution File, Format Version 12.00
# Visual Studio Version 17
VisualStudioVersion = 17.5.33530.505
MinimumVisualStudioVersion = 10.0.40219.1
Project("{FAE04EC0-301F-11D3-BF4B-00C04F79EFBC}") = "D02", "D02\D02.csproj", "{A53176B8-FEC5-40A1-BD27-6CF9E7B6D6F6}"
EndProject
Global
	GlobalSection(SolutionConfigurationPlatforms) = preSolution
		Debug|Any CPU = Debug|Any CPU
		Release|Any CPU = Release|Any CPU
	EndGlobalSection
	GlobalSection(ProjectConfigurationPlatforms) = postSolution
		{A53176B8-FEC5-40A1-BD27-6CF9E7B6D6F6}.Debug|Any CPU.ActiveCfg = Debug|Any CPU
		{A53176B8-FEC5-40A1-BD27-6CF9E7B6D6F6}.Debug|Any CPU.Build.0 = Debug|Any CPU
		{A53176B8-FEC5-40A1-BD27-6CF9E7B6D6F6}.Release|Any CPU.ActiveCfg = Release|Any CPU
		{A53176B8-FEC5-40A1-BD27-6CF9E7B6D6F6}.Release|Any CPU.Build.0 = Release|Any CPU
	EndGlobalSection
	GlobalSection(SolutionProperties) = preSolution
		HideSolutionNode = FALSE
	EndGlobalSection
	GlobalSection(ExtensibilityGlobals) = postSolution
		SolutionGuid = {5651BCD4-49A9-49C4-80CB-1A5404515B19}
	EndGlobalSection
EndGlobal
