
Microsoft Visual Studio Solution File, Format Version 12.00
# Visual Studio Version 17
VisualStudioVersion = 17.5.33530.505
MinimumVisualStudioVersion = 10.0.40219.1
Project("{FAE04EC0-301F-11D3-BF4B-00C04F79EFBC}") = "D08", "D08\D08.csproj", "{4A09A0AA-FE9F-48B9-BB7C-549FACC5B74C}"
EndProject
Global
	GlobalSection(SolutionConfigurationPlatforms) = preSolution
		Debug|Any CPU = Debug|Any CPU
		Release|Any CPU = Release|Any CPU
	EndGlobalSection
	GlobalSection(ProjectConfigurationPlatforms) = postSolution
		{4A09A0AA-FE9F-48B9-BB7C-549FACC5B74C}.Debug|Any CPU.ActiveCfg = Debug|Any CPU
		{4A09A0AA-FE9F-48B9-BB7C-549FACC5B74C}.Debug|Any CPU.Build.0 = Debug|Any CPU
		{4A09A0AA-FE9F-48B9-BB7C-549FACC5B74C}.Release|Any CPU.ActiveCfg = Release|Any CPU
		{4A09A0AA-FE9F-48B9-BB7C-549FACC5B74C}.Release|Any CPU.Build.0 = Release|Any CPU
	EndGlobalSection
	GlobalSection(SolutionProperties) = preSolution
		HideSolutionNode = FALSE
	EndGlobalSection
	GlobalSection(ExtensibilityGlobals) = postSolution
		SolutionGuid = {D205CD0F-3831-4C2D-B601-FE17405D90BF}
	EndGlobalSection
EndGlobal
