
Microsoft Visual Studio Solution File, Format Version 12.00
# Visual Studio Version 17
VisualStudioVersion = 17.5.33530.505
MinimumVisualStudioVersion = 10.0.40219.1
Project("{FAE04EC0-301F-11D3-BF4B-00C04F79EFBC}") = "D07", "D07\D07.csproj", "{47B5CF8E-29EA-4421-B7C3-BDD94EED9F31}"
EndProject
Global
	GlobalSection(SolutionConfigurationPlatforms) = preSolution
		Debug|Any CPU = Debug|Any CPU
		Release|Any CPU = Release|Any CPU
	EndGlobalSection
	GlobalSection(ProjectConfigurationPlatforms) = postSolution
		{47B5CF8E-29EA-4421-B7C3-BDD94EED9F31}.Debug|Any CPU.ActiveCfg = Debug|Any CPU
		{47B5CF8E-29EA-4421-B7C3-BDD94EED9F31}.Debug|Any CPU.Build.0 = Debug|Any CPU
		{47B5CF8E-29EA-4421-B7C3-BDD94EED9F31}.Release|Any CPU.ActiveCfg = Release|Any CPU
		{47B5CF8E-29EA-4421-B7C3-BDD94EED9F31}.Release|Any CPU.Build.0 = Release|Any CPU
	EndGlobalSection
	GlobalSection(SolutionProperties) = preSolution
		HideSolutionNode = FALSE
	EndGlobalSection
	GlobalSection(ExtensibilityGlobals) = postSolution
		SolutionGuid = {BB93549E-950F-4114-A4CE-E3EBE9602387}
	EndGlobalSection
EndGlobal
