
Microsoft Visual Studio Solution File, Format Version 12.00
# Visual Studio Version 17
VisualStudioVersion = 17.5.33530.505
MinimumVisualStudioVersion = 10.0.40219.1
Project("{FAE04EC0-301F-11D3-BF4B-00C04F79EFBC}") = "D13", "D13\D13.csproj", "{8E484D57-3F39-4EA2-8D3A-AEDFC8DD926E}"
EndProject
Global
	GlobalSection(SolutionConfigurationPlatforms) = preSolution
		Debug|Any CPU = Debug|Any CPU
		Release|Any CPU = Release|Any CPU
	EndGlobalSection
	GlobalSection(ProjectConfigurationPlatforms) = postSolution
		{8E484D57-3F39-4EA2-8D3A-AEDFC8DD926E}.Debug|Any CPU.ActiveCfg = Debug|Any CPU
		{8E484D57-3F39-4EA2-8D3A-AEDFC8DD926E}.Debug|Any CPU.Build.0 = Debug|Any CPU
		{8E484D57-3F39-4EA2-8D3A-AEDFC8DD926E}.Release|Any CPU.ActiveCfg = Release|Any CPU
		{8E484D57-3F39-4EA2-8D3A-AEDFC8DD926E}.Release|Any CPU.Build.0 = Release|Any CPU
	EndGlobalSection
	GlobalSection(SolutionProperties) = preSolution
		HideSolutionNode = FALSE
	EndGlobalSection
	GlobalSection(ExtensibilityGlobals) = postSolution
		SolutionGuid = {4F3D039F-F642-46C7-8610-D158B9DC5738}
	EndGlobalSection
EndGlobal
